
Microsoft Visual Studio Solution File, Format Version 12.00
# Visual Studio Version 17
VisualStudioVersion = 17.0.31903.59
MinimumVisualStudioVersion = 10.0.40219.1
Project("{FAE04EC0-301F-11D3-BF4B-00C04F79EFBC}") = "WpfLab18", "WpfLab18\WpfLab18.csproj", "{EB3FC0CF-B74B-48B8-BB65-26725EFDF04D}"
EndProject
Global
	GlobalSection(SolutionConfigurationPlatforms) = preSolution
		Debug|Any CPU = Debug|Any CPU
		Release|Any CPU = Release|Any CPU
	EndGlobalSection
	GlobalSection(ProjectConfigurationPlatforms) = postSolution
		{EB3FC0CF-B74B-48B8-BB65-26725EFDF04D}.Debug|Any CPU.ActiveCfg = Debug|Any CPU
		{EB3FC0CF-B74B-48B8-BB65-26725EFDF04D}.Debug|Any CPU.Build.0 = Debug|Any CPU
		{EB3FC0CF-B74B-48B8-BB65-26725EFDF04D}.Release|Any CPU.ActiveCfg = Release|Any CPU
		{EB3FC0CF-B74B-48B8-BB65-26725EFDF04D}.Release|Any CPU.Build.0 = Release|Any CPU
	EndGlobalSection
	GlobalSection(SolutionProperties) = preSolution
		HideSolutionNode = FALSE
	EndGlobalSection
	GlobalSection(ExtensibilityGlobals) = postSolution
		SolutionGuid = {36CF82CA-4B84-410B-BB53-69BC10BE5D87}
	EndGlobalSection
EndGlobal
